
Microsoft Visual Studio Solution File, Format Version 12.00
# Visual Studio Version 17
VisualStudioVersion = 17.13.35919.96 d17.13
MinimumVisualStudioVersion = 10.0.40219.1
Project("{FAE04EC0-301F-11D3-BF4B-00C04F79EFBC}") = "EmployeManage1", "EmployeManage1\EmployeManage1.csproj", "{C8CCA1F6-FB71-46F3-9359-5120202052B0}"
EndProject
Global
	GlobalSection(SolutionConfigurationPlatforms) = preSolution
		Debug|Any CPU = Debug|Any CPU
		Release|Any CPU = Release|Any CPU
	EndGlobalSection
	GlobalSection(ProjectConfigurationPlatforms) = postSolution
		{C8CCA1F6-FB71-46F3-9359-5120202052B0}.Debug|Any CPU.ActiveCfg = Debug|Any CPU
		{C8CCA1F6-FB71-46F3-9359-5120202052B0}.Debug|Any CPU.Build.0 = Debug|Any CPU
		{C8CCA1F6-FB71-46F3-9359-5120202052B0}.Release|Any CPU.ActiveCfg = Release|Any CPU
		{C8CCA1F6-FB71-46F3-9359-5120202052B0}.Release|Any CPU.Build.0 = Release|Any CPU
	EndGlobalSection
	GlobalSection(SolutionProperties) = preSolution
		HideSolutionNode = FALSE
	EndGlobalSection
	GlobalSection(ExtensibilityGlobals) = postSolution
		SolutionGuid = {E518BB15-6CAA-4F47-B46E-76B695208CC4}
	EndGlobalSection
EndGlobal
